
Microsoft Visual Studio Solution File, Format Version 12.00
# Visual Studio Version 17
VisualStudioVersion = 17.7.34018.315
MinimumVisualStudioVersion = 10.0.40219.1
Project("{8BC9CEB8-8B4A-11D0-8D11-00A0C91BC942}") = "Human Vinod", "Human Vinod.vcxproj", "{086C2456-97C1-4EDB-8850-D9CCD0F79B23}"
EndProject
Global
	GlobalSection(SolutionConfigurationPlatforms) = preSolution
		Debug|x64 = Debug|x64
		Debug|x86 = Debug|x86
		Release|x64 = Release|x64
		Release|x86 = Release|x86
	EndGlobalSection
	GlobalSection(ProjectConfigurationPlatforms) = postSolution
		{086C2456-97C1-4EDB-8850-D9CCD0F79B23}.Debug|x64.ActiveCfg = Debug|x64
		{086C2456-97C1-4EDB-8850-D9CCD0F79B23}.Debug|x64.Build.0 = Debug|x64
		{086C2456-97C1-4EDB-8850-D9CCD0F79B23}.Debug|x86.ActiveCfg = Debug|Win32
		{086C2456-97C1-4EDB-8850-D9CCD0F79B23}.Debug|x86.Build.0 = Debug|Win32
		{086C2456-97C1-4EDB-8850-D9CCD0F79B23}.Release|x64.ActiveCfg = Release|x64
		{086C2456-97C1-4EDB-8850-D9CCD0F79B23}.Release|x64.Build.0 = Release|x64
		{086C2456-97C1-4EDB-8850-D9CCD0F79B23}.Release|x86.ActiveCfg = Release|Win32
		{086C2456-97C1-4EDB-8850-D9CCD0F79B23}.Release|x86.Build.0 = Release|Win32
	EndGlobalSection
	GlobalSection(SolutionProperties) = preSolution
		HideSolutionNode = FALSE
	EndGlobalSection
	GlobalSection(ExtensibilityGlobals) = postSolution
		SolutionGuid = {E7A9359C-D190-4372-8472-9EDFFB5B9390}
	EndGlobalSection
EndGlobal
